
Microsoft Visual Studio Solution File, Format Version 12.00
# Visual Studio Version 17
VisualStudioVersion = 17.14.36327.8 d17.14
MinimumVisualStudioVersion = 10.0.40219.1
Project("{FAE04EC0-301F-11D3-BF4B-00C04F79EFBC}") = "WebApiProject", "WebApiProject\WebApiProject.csproj", "{C361488D-4FD1-4C19-B9AB-5E01BC9AB2B9}"
EndProject
Project("{FAE04EC0-301F-11D3-BF4B-00C04F79EFBC}") = "ResponseFramework", "ResponseFramework\ResponseFramework.csproj", "{4F79759A-A3B8-DBCC-3E57-51293D102196}"
EndProject
Global
	GlobalSection(SolutionConfigurationPlatforms) = preSolution
		Debug|Any CPU = Debug|Any CPU
		Release|Any CPU = Release|Any CPU
	EndGlobalSection
	GlobalSection(ProjectConfigurationPlatforms) = postSolution
		{C361488D-4FD1-4C19-B9AB-5E01BC9AB2B9}.Debug|Any CPU.ActiveCfg = Debug|Any CPU
		{C361488D-4FD1-4C19-B9AB-5E01BC9AB2B9}.Debug|Any CPU.Build.0 = Debug|Any CPU
		{C361488D-4FD1-4C19-B9AB-5E01BC9AB2B9}.Release|Any CPU.ActiveCfg = Release|Any CPU
		{C361488D-4FD1-4C19-B9AB-5E01BC9AB2B9}.Release|Any CPU.Build.0 = Release|Any CPU
		{4F79759A-A3B8-DBCC-3E57-51293D102196}.Debug|Any CPU.ActiveCfg = Debug|Any CPU
		{4F79759A-A3B8-DBCC-3E57-51293D102196}.Debug|Any CPU.Build.0 = Debug|Any CPU
		{4F79759A-A3B8-DBCC-3E57-51293D102196}.Release|Any CPU.ActiveCfg = Release|Any CPU
		{4F79759A-A3B8-DBCC-3E57-51293D102196}.Release|Any CPU.Build.0 = Release|Any CPU
	EndGlobalSection
	GlobalSection(SolutionProperties) = preSolution
		HideSolutionNode = FALSE
	EndGlobalSection
	GlobalSection(ExtensibilityGlobals) = postSolution
		SolutionGuid = {A600E829-480D-4375-BE2A-85EF66B2EF0E}
	EndGlobalSection
EndGlobal
